
Microsoft Visual Studio Solution File, Format Version 12.00
# Visual Studio 15
VisualStudioVersion = 15.0.28010.2036
MinimumVisualStudioVersion = 10.0.40219.1
Project("{9A19103F-16F7-4668-BE54-9A1E7A4F7556}") = "Warehouse.Business", "Warehouse.Business\Warehouse.Business.csproj", "{46D38A12-4559-4B51-8820-A1C0DE012E45}"
EndProject
Project("{9A19103F-16F7-4668-BE54-9A1E7A4F7556}") = "Warehouse.Entities", "Warehouse.Entities\Warehouse.Entities.csproj", "{C8440638-8750-475C-A1B1-D0B03C5A1DE2}"
EndProject
Project("{9A19103F-16F7-4668-BE54-9A1E7A4F7556}") = "Warehouse.Data", "Warehouse.Data\Warehouse.Data.csproj", "{9A959BEA-E9B1-49C1-9FB9-A9E7183A3384}"
EndProject
Project("{9A19103F-16F7-4668-BE54-9A1E7A4F7556}") = "Warehouse.Web", "Warehouse.Web\Warehouse.Web.csproj", "{EE88D318-F480-4E3A-867E-CF6D80AE921A}"
EndProject
Global
	GlobalSection(SolutionConfigurationPlatforms) = preSolution
		Debug|Any CPU = Debug|Any CPU
		Release|Any CPU = Release|Any CPU
	EndGlobalSection
	GlobalSection(ProjectConfigurationPlatforms) = postSolution
		{46D38A12-4559-4B51-8820-A1C0DE012E45}.Debug|Any CPU.ActiveCfg = Debug|Any CPU
		{46D38A12-4559-4B51-8820-A1C0DE012E45}.Debug|Any CPU.Build.0 = Debug|Any CPU
		{46D38A12-4559-4B51-8820-A1C0DE012E45}.Release|Any CPU.ActiveCfg = Release|Any CPU
		{46D38A12-4559-4B51-8820-A1C0DE012E45}.Release|Any CPU.Build.0 = Release|Any CPU
		{C8440638-8750-475C-A1B1-D0B03C5A1DE2}.Debug|Any CPU.ActiveCfg = Debug|Any CPU
		{C8440638-8750-475C-A1B1-D0B03C5A1DE2}.Debug|Any CPU.Build.0 = Debug|Any CPU
		{C8440638-8750-475C-A1B1-D0B03C5A1DE2}.Release|Any CPU.ActiveCfg = Release|Any CPU
		{C8440638-8750-475C-A1B1-D0B03C5A1DE2}.Release|Any CPU.Build.0 = Release|Any CPU
		{9A959BEA-E9B1-49C1-9FB9-A9E7183A3384}.Debug|Any CPU.ActiveCfg = Debug|Any CPU
		{9A959BEA-E9B1-49C1-9FB9-A9E7183A3384}.Debug|Any CPU.Build.0 = Debug|Any CPU
		{9A959BEA-E9B1-49C1-9FB9-A9E7183A3384}.Release|Any CPU.ActiveCfg = Release|Any CPU
		{9A959BEA-E9B1-49C1-9FB9-A9E7183A3384}.Release|Any CPU.Build.0 = Release|Any CPU
		{EE88D318-F480-4E3A-867E-CF6D80AE921A}.Debug|Any CPU.ActiveCfg = Debug|Any CPU
		{EE88D318-F480-4E3A-867E-CF6D80AE921A}.Debug|Any CPU.Build.0 = Debug|Any CPU
		{EE88D318-F480-4E3A-867E-CF6D80AE921A}.Release|Any CPU.ActiveCfg = Release|Any CPU
		{EE88D318-F480-4E3A-867E-CF6D80AE921A}.Release|Any CPU.Build.0 = Release|Any CPU
	EndGlobalSection
	GlobalSection(SolutionProperties) = preSolution
		HideSolutionNode = FALSE
	EndGlobalSection
	GlobalSection(ExtensibilityGlobals) = postSolution
		SolutionGuid = {4F3083E8-6000-48D4-911B-50ABF2A0E448}
	EndGlobalSection
EndGlobal
